
Microsoft Visual Studio Solution File, Format Version 12.00
# Visual Studio Version 16
VisualStudioVersion = 16.0.29326.143
MinimumVisualStudioVersion = 10.0.40219.1
Project("{FAE04EC0-301F-11D3-BF4B-00C04F79EFBC}") = "PJYAAC_SG1_21_22_2.Endpoint", "PJYAAC_SG1_21_22_2.Endpoint\PJYAAC_SG1_21_22_2.Endpoint.csproj", "{C4E1A033-81CA-4184-93EA-7E2FF0E58B03}"
EndProject
Project("{FAE04EC0-301F-11D3-BF4B-00C04F79EFBC}") = "PJYAAC_SG1_21_22_2.Logic", "PJYAAC_SG1_21_22_2.Logic\PJYAAC_SG1_21_22_2.Logic.csproj", "{AAFB04B4-C2D7-44A6-8127-5404EA8C76BC}"
EndProject
Project("{FAE04EC0-301F-11D3-BF4B-00C04F79EFBC}") = "PJYAAC_SG1_21_22_2.Repository", "PJYAAC_SG1_21_22_2.Repository\PJYAAC_SG1_21_22_2.Repository.csproj", "{3464387A-D743-4BCB-9D21-C488545CAAD6}"
EndProject
Project("{FAE04EC0-301F-11D3-BF4B-00C04F79EFBC}") = "PJYAAC_SG1_21_22_2.Data", "PJYAAC_SG1_21_22_2.Data\PJYAAC_SG1_21_22_2.Data.csproj", "{35B237B4-5200-428B-BCEA-54D8D79A3F9A}"
EndProject
Project("{FAE04EC0-301F-11D3-BF4B-00C04F79EFBC}") = "PJYAAC_SG1_21_22_2.Models", "PJYAAC_SG1_21_22_2.Models\PJYAAC_SG1_21_22_2.Models.csproj", "{2D85E163-D65E-4BE6-B516-49EF1FFDD90A}"
EndProject
Global
	GlobalSection(SolutionConfigurationPlatforms) = preSolution
		Debug|Any CPU = Debug|Any CPU
		Release|Any CPU = Release|Any CPU
	EndGlobalSection
	GlobalSection(ProjectConfigurationPlatforms) = postSolution
		{C4E1A033-81CA-4184-93EA-7E2FF0E58B03}.Debug|Any CPU.ActiveCfg = Debug|Any CPU
		{C4E1A033-81CA-4184-93EA-7E2FF0E58B03}.Debug|Any CPU.Build.0 = Debug|Any CPU
		{C4E1A033-81CA-4184-93EA-7E2FF0E58B03}.Release|Any CPU.ActiveCfg = Release|Any CPU
		{C4E1A033-81CA-4184-93EA-7E2FF0E58B03}.Release|Any CPU.Build.0 = Release|Any CPU
		{AAFB04B4-C2D7-44A6-8127-5404EA8C76BC}.Debug|Any CPU.ActiveCfg = Debug|Any CPU
		{AAFB04B4-C2D7-44A6-8127-5404EA8C76BC}.Debug|Any CPU.Build.0 = Debug|Any CPU
		{AAFB04B4-C2D7-44A6-8127-5404EA8C76BC}.Release|Any CPU.ActiveCfg = Release|Any CPU
		{AAFB04B4-C2D7-44A6-8127-5404EA8C76BC}.Release|Any CPU.Build.0 = Release|Any CPU
		{3464387A-D743-4BCB-9D21-C488545CAAD6}.Debug|Any CPU.ActiveCfg = Debug|Any CPU
		{3464387A-D743-4BCB-9D21-C488545CAAD6}.Debug|Any CPU.Build.0 = Debug|Any CPU
		{3464387A-D743-4BCB-9D21-C488545CAAD6}.Release|Any CPU.ActiveCfg = Release|Any CPU
		{3464387A-D743-4BCB-9D21-C488545CAAD6}.Release|Any CPU.Build.0 = Release|Any CPU
		{35B237B4-5200-428B-BCEA-54D8D79A3F9A}.Debug|Any CPU.ActiveCfg = Debug|Any CPU
		{35B237B4-5200-428B-BCEA-54D8D79A3F9A}.Debug|Any CPU.Build.0 = Debug|Any CPU
		{35B237B4-5200-428B-BCEA-54D8D79A3F9A}.Release|Any CPU.ActiveCfg = Release|Any CPU
		{35B237B4-5200-428B-BCEA-54D8D79A3F9A}.Release|Any CPU.Build.0 = Release|Any CPU
		{2D85E163-D65E-4BE6-B516-49EF1FFDD90A}.Debug|Any CPU.ActiveCfg = Debug|Any CPU
		{2D85E163-D65E-4BE6-B516-49EF1FFDD90A}.Debug|Any CPU.Build.0 = Debug|Any CPU
		{2D85E163-D65E-4BE6-B516-49EF1FFDD90A}.Release|Any CPU.ActiveCfg = Release|Any CPU
		{2D85E163-D65E-4BE6-B516-49EF1FFDD90A}.Release|Any CPU.Build.0 = Release|Any CPU
	EndGlobalSection
	GlobalSection(SolutionProperties) = preSolution
		HideSolutionNode = FALSE
	EndGlobalSection
	GlobalSection(ExtensibilityGlobals) = postSolution
		SolutionGuid = {2467A0DC-B042-42A5-BC8D-65E90C6D50FE}
	EndGlobalSection
EndGlobal
